<?xml version="1.0" encoding="utf-8"?>
<Project ToolsVersion="4.0" xmlns="http://schemas.microsoft.com/developer/msbuild/2003">
  <ItemGroup>
    <ClInclude Include="Bitset.h">
      <Filter>Engine\Data</Filter>
    </ClInclude>
    <ClInclude Include="Logger.h">
      <Filter>Engine\Utils</Filter>
    </ClInclude>
    <ClInclude Include="Application.h">
      <Filter>Engine</Filter>
    </ClInclude>
    <ClInclude Include="Component.h">
      <Filter>Engine</Filter>
    </ClInclude>
    <ClInclude Include="Entity.h">
      <Filter>Engine</Filter>
    </ClInclude>
    <ClInclude Include="System.h">
      <Filter>Engine</Filter>
    </ClInclude>
    <ClInclude Include="World.h">
      <Filter>Engine</Filter>
    </ClInclude>
    <ClInclude Include="Rei.h">
      <Filter>Engine</Filter>
    </ClInclude>
    <ClInclude Include="RenderSystem.h">
      <Filter>Engine\Render</Filter>
    </ClInclude>
    <ClInclude Include="Graph.h">
      <Filter>Engine\Data</Filter>
    </ClInclude>
    <ClInclude Include="OwnerValue.h">
      <Filter>Engine\Data</Filter>
    </ClInclude>
    <ClInclude Include="FrameBuffer.h">
      <Filter>Engine\Render</Filter>
    </ClInclude>
    <ClInclude Include="Vector.h" />
  </ItemGroup>
  <ItemGroup>
    <ClCompile Include="main.cpp" />
    <ClCompile Include="Bitset.cpp">
      <Filter>Engine\Data</Filter>
    </ClCompile>
    <ClCompile Include="Logger.cpp">
      <Filter>Engine\Utils</Filter>
    </ClCompile>
    <ClCompile Include="RenderSystem.cpp">
      <Filter>Engine\Render</Filter>
    </ClCompile>
    <ClCompile Include="Graph.cpp">
      <Filter>Engine\Data</Filter>
    </ClCompile>
    <ClCompile Include="OwnerValue.cpp">
      <Filter>Engine\Data</Filter>
    </ClCompile>
    <ClCompile Include="FrameBuffer.cpp">
      <Filter>Engine\Render</Filter>
    </ClCompile>
    <ClCompile Include="Vector.cpp" />
  </ItemGroup>
  <ItemGroup>
    <Filter Include="Engine">
      <UniqueIdentifier>{ffc6f84b-4f90-4248-bf03-0ca27d8f565a}</UniqueIdentifier>
    </Filter>
    <Filter Include="Engine\Utils">
      <UniqueIdentifier>{7ffe40fc-888d-4be8-8442-27ec093a5c0b}</UniqueIdentifier>
    </Filter>
    <Filter Include="Engine\Data">
      <UniqueIdentifier>{e41ec057-d900-43dc-85bd-6d7c095197f5}</UniqueIdentifier>
    </Filter>
    <Filter Include="Engine\Render">
      <UniqueIdentifier>{0ea60ff4-e119-4cff-91d0-662f2373e241}</UniqueIdentifier>
    </Filter>
    <Filter Include="Engine\Math">
      <UniqueIdentifier>{a2d0a65a-2068-45ec-8434-2715ea82e23c}</UniqueIdentifier>
    </Filter>
  </ItemGroup>
</Project>